
Microsoft Visual Studio Solution File, Format Version 12.00
# Visual Studio Version 16
VisualStudioVersion = 16.0.32106.194
MinimumVisualStudioVersion = 10.0.40219.1
Project("{FAE04EC0-301F-11D3-BF4B-00C04F79EFBC}") = "JumpingOnTheClouds", "JumpingOnTheClouds\JumpingOnTheClouds.csproj", "{A2BD913C-D2B9-4D7D-AAEC-9B34704A2859}"
EndProject
Global
	GlobalSection(SolutionConfigurationPlatforms) = preSolution
		Debug|Any CPU = Debug|Any CPU
		Release|Any CPU = Release|Any CPU
	EndGlobalSection
	GlobalSection(ProjectConfigurationPlatforms) = postSolution
		{A2BD913C-D2B9-4D7D-AAEC-9B34704A2859}.Debug|Any CPU.ActiveCfg = Debug|Any CPU
		{A2BD913C-D2B9-4D7D-AAEC-9B34704A2859}.Debug|Any CPU.Build.0 = Debug|Any CPU
		{A2BD913C-D2B9-4D7D-AAEC-9B34704A2859}.Release|Any CPU.ActiveCfg = Release|Any CPU
		{A2BD913C-D2B9-4D7D-AAEC-9B34704A2859}.Release|Any CPU.Build.0 = Release|Any CPU
	EndGlobalSection
	GlobalSection(SolutionProperties) = preSolution
		HideSolutionNode = FALSE
	EndGlobalSection
	GlobalSection(ExtensibilityGlobals) = postSolution
		SolutionGuid = {259B1102-B15C-46B0-BFD3-979263A7BD2F}
	EndGlobalSection
EndGlobal
