
Microsoft Visual Studio Solution File, Format Version 12.00
# Visual Studio Version 16
VisualStudioVersion = 16.0.32106.194
MinimumVisualStudioVersion = 10.0.40219.1
Project("{FAE04EC0-301F-11D3-BF4B-00C04F79EFBC}") = "CompareTriplets", "ConsoleApp2\CompareTriplets.csproj", "{C2B9225A-5521-486D-8E52-AEF15D4D818B}"
EndProject
Global
	GlobalSection(SolutionConfigurationPlatforms) = preSolution
		Debug|Any CPU = Debug|Any CPU
		Release|Any CPU = Release|Any CPU
	EndGlobalSection
	GlobalSection(ProjectConfigurationPlatforms) = postSolution
		{C2B9225A-5521-486D-8E52-AEF15D4D818B}.Debug|Any CPU.ActiveCfg = Debug|Any CPU
		{C2B9225A-5521-486D-8E52-AEF15D4D818B}.Debug|Any CPU.Build.0 = Debug|Any CPU
		{C2B9225A-5521-486D-8E52-AEF15D4D818B}.Release|Any CPU.ActiveCfg = Release|Any CPU
		{C2B9225A-5521-486D-8E52-AEF15D4D818B}.Release|Any CPU.Build.0 = Release|Any CPU
	EndGlobalSection
	GlobalSection(SolutionProperties) = preSolution
		HideSolutionNode = FALSE
	EndGlobalSection
	GlobalSection(ExtensibilityGlobals) = postSolution
		SolutionGuid = {8727A655-5AEE-43D9-9927-386F1DC20438}
	EndGlobalSection
EndGlobal
